
Microsoft Visual Studio Solution File, Format Version 12.00
# Visual Studio 2013
VisualStudioVersion = 12.0.21005.1
MinimumVisualStudioVersion = 10.0.40219.1
Project("{8BC9CEB8-8B4A-11D0-8D11-00A0C91BC942}") = "simple", "simple\simple.vcxproj", "{39CE225E-48F0-4BBC-B508-D1EE2356543F}"
EndProject
Project("{8BC9CEB8-8B4A-11D0-8D11-00A0C91BC942}") = "tower", "tower\tower.vcxproj", "{A60A117D-4C21-4F2C-92BC-9EE54768A29D}"
EndProject
Project("{8BC9CEB8-8B4A-11D0-8D11-00A0C91BC942}") = "link", "link\link.vcxproj", "{A3603534-A462-43AC-855C-30CECB6DEF93}"
EndProject
Global
	GlobalSection(SolutionConfigurationPlatforms) = preSolution
		Debug|Win32 = Debug|Win32
		Release|Win32 = Release|Win32
	EndGlobalSection
	GlobalSection(ProjectConfigurationPlatforms) = postSolution
		{39CE225E-48F0-4BBC-B508-D1EE2356543F}.Debug|Win32.ActiveCfg = Debug|Win32
		{39CE225E-48F0-4BBC-B508-D1EE2356543F}.Debug|Win32.Build.0 = Debug|Win32
		{39CE225E-48F0-4BBC-B508-D1EE2356543F}.Release|Win32.ActiveCfg = Release|Win32
		{39CE225E-48F0-4BBC-B508-D1EE2356543F}.Release|Win32.Build.0 = Release|Win32
		{A60A117D-4C21-4F2C-92BC-9EE54768A29D}.Debug|Win32.ActiveCfg = Debug|Win32
		{A60A117D-4C21-4F2C-92BC-9EE54768A29D}.Debug|Win32.Build.0 = Debug|Win32
		{A60A117D-4C21-4F2C-92BC-9EE54768A29D}.Release|Win32.ActiveCfg = Release|Win32
		{A60A117D-4C21-4F2C-92BC-9EE54768A29D}.Release|Win32.Build.0 = Release|Win32
		{A3603534-A462-43AC-855C-30CECB6DEF93}.Debug|Win32.ActiveCfg = Debug|Win32
		{A3603534-A462-43AC-855C-30CECB6DEF93}.Debug|Win32.Build.0 = Debug|Win32
		{A3603534-A462-43AC-855C-30CECB6DEF93}.Release|Win32.ActiveCfg = Release|Win32
		{A3603534-A462-43AC-855C-30CECB6DEF93}.Release|Win32.Build.0 = Release|Win32
	EndGlobalSection
	GlobalSection(SolutionProperties) = preSolution
		HideSolutionNode = FALSE
	EndGlobalSection
EndGlobal
